
Microsoft Visual Studio Solution File, Format Version 12.00
# Visual Studio Version 16
VisualStudioVersion = 16.0.28803.202
MinimumVisualStudioVersion = 10.0.40219.1
Project("{FAE04EC0-301F-11D3-BF4B-00C04F79EFBC}") = "Vista", "Vista.csproj", "{83793D5E-DC12-4A80-8A6B-91A545C14815}"
EndProject
Project("{FAE04EC0-301F-11D3-BF4B-00C04F79EFBC}") = "Controlador", "Controlador\Controlador.csproj", "{48960FD9-1F4E-40B7-9939-14E4CC6C0EAF}"
EndProject
Project("{FAE04EC0-301F-11D3-BF4B-00C04F79EFBC}") = "Modelo", "Modelo\Modelo.csproj", "{CF9D3539-5533-4840-A91B-6C94309D2C8D}"
EndProject
Global
	GlobalSection(SolutionConfigurationPlatforms) = preSolution
		Debug|Any CPU = Debug|Any CPU
		Release|Any CPU = Release|Any CPU
	EndGlobalSection
	GlobalSection(ProjectConfigurationPlatforms) = postSolution
		{83793D5E-DC12-4A80-8A6B-91A545C14815}.Debug|Any CPU.ActiveCfg = Debug|Any CPU
		{83793D5E-DC12-4A80-8A6B-91A545C14815}.Debug|Any CPU.Build.0 = Debug|Any CPU
		{83793D5E-DC12-4A80-8A6B-91A545C14815}.Release|Any CPU.ActiveCfg = Release|Any CPU
		{83793D5E-DC12-4A80-8A6B-91A545C14815}.Release|Any CPU.Build.0 = Release|Any CPU
		{48960FD9-1F4E-40B7-9939-14E4CC6C0EAF}.Debug|Any CPU.ActiveCfg = Debug|Any CPU
		{48960FD9-1F4E-40B7-9939-14E4CC6C0EAF}.Debug|Any CPU.Build.0 = Debug|Any CPU
		{48960FD9-1F4E-40B7-9939-14E4CC6C0EAF}.Release|Any CPU.ActiveCfg = Release|Any CPU
		{48960FD9-1F4E-40B7-9939-14E4CC6C0EAF}.Release|Any CPU.Build.0 = Release|Any CPU
		{CF9D3539-5533-4840-A91B-6C94309D2C8D}.Debug|Any CPU.ActiveCfg = Debug|Any CPU
		{CF9D3539-5533-4840-A91B-6C94309D2C8D}.Debug|Any CPU.Build.0 = Debug|Any CPU
		{CF9D3539-5533-4840-A91B-6C94309D2C8D}.Release|Any CPU.ActiveCfg = Release|Any CPU
		{CF9D3539-5533-4840-A91B-6C94309D2C8D}.Release|Any CPU.Build.0 = Release|Any CPU
	EndGlobalSection
	GlobalSection(SolutionProperties) = preSolution
		HideSolutionNode = FALSE
	EndGlobalSection
	GlobalSection(ExtensibilityGlobals) = postSolution
		SolutionGuid = {66F315BB-FB8D-4869-A19F-2BAC647AE37C}
	EndGlobalSection
EndGlobal
